
Microsoft Visual Studio Solution File, Format Version 12.00
# Visual Studio Version 17
VisualStudioVersion = 17.11.35327.3
MinimumVisualStudioVersion = 10.0.40219.1
Project("{F184B08F-C81C-45F6-A57F-5ABD9991F28F}") = "personGen", "personGen\personGen.vbproj", "{BCCB2CF9-4D56-4864-B81A-F3A2BB4344EF}"
EndProject
Global
	GlobalSection(SolutionConfigurationPlatforms) = preSolution
		Debug|Any CPU = Debug|Any CPU
		Release|Any CPU = Release|Any CPU
	EndGlobalSection
	GlobalSection(ProjectConfigurationPlatforms) = postSolution
		{BCCB2CF9-4D56-4864-B81A-F3A2BB4344EF}.Debug|Any CPU.ActiveCfg = Debug|Any CPU
		{BCCB2CF9-4D56-4864-B81A-F3A2BB4344EF}.Debug|Any CPU.Build.0 = Debug|Any CPU
		{BCCB2CF9-4D56-4864-B81A-F3A2BB4344EF}.Release|Any CPU.ActiveCfg = Release|Any CPU
		{BCCB2CF9-4D56-4864-B81A-F3A2BB4344EF}.Release|Any CPU.Build.0 = Release|Any CPU
	EndGlobalSection
	GlobalSection(SolutionProperties) = preSolution
		HideSolutionNode = FALSE
	EndGlobalSection
	GlobalSection(ExtensibilityGlobals) = postSolution
		SolutionGuid = {DEE2249C-BE14-46B4-A925-7EACDC41227A}
	EndGlobalSection
EndGlobal
